{
  "lockfile_version": "1",
  "packages": {
    "deno@1.40.5": {
      "last_modified": "2024-02-24T23:06:34Z",
      "resolved": "github:NixOS/nixpkgs/9a9dae8f6319600fa9aebde37f340975cab4b8c0#deno",
      "source": "devbox-search",
      "version": "1.40.5",
      "systems": {
        "aarch64-darwin": {
          "store_path": "/nix/store/pg6jrk1rbs4yb6cscllw4mvf13cxxiv3-deno-1.40.5"
        },
        "aarch64-linux": {
          "store_path": "/nix/store/4p6qg8smnpksm47xa5rcv0iz655kilml-deno-1.40.5"
        },
        "x86_64-darwin": {
          "store_path": "/nix/store/9wq9vik9f5bjwhp37dwbw5pmk5jyz86j-deno-1.40.5"
        },
        "x86_64-linux": {
          "store_path": "/nix/store/pa7b1np3zwiqn4rafps2dbpsh273b8sn-deno-1.40.5"
        }
      }
    },
    "trunk-io@1.2.7": {
      "last_modified": "2024-01-14T03:55:27Z",
      "resolved": "github:NixOS/nixpkgs/dd5621df6dcb90122b50da5ec31c411a0de3e538#trunk-io",
      "source": "devbox-search",
      "version": "1.2.7"
    }
  }
}
