{
  "lockfile_version": "1",
  "packages": {
    "bun@1.0.24": {
      "last_modified": "2024-01-22T00:24:37Z",
      "resolved": "github:NixOS/nixpkgs/5f5210aa20e343b7e35f40c033000db0ef80d7b9#bun",
      "source": "devbox-search",
      "version": "1.0.24",
      "systems": {
        "aarch64-darwin": {
          "store_path": "/nix/store/lr3caf9f2dj4z1qg0vnrnfxdypk18r0d-bun-1.0.24"
        },
        "aarch64-linux": {
          "store_path": "/nix/store/4lbllwpvds7v0b7ki11y1lfx1npqrz9g-bun-1.0.24"
        },
        "x86_64-linux": {
          "store_path": "/nix/store/177jkmr8r90v2w7las8bcn4d90q3balz-bun-1.0.24"
        }
      }
    }
  }
}
